// !$*UTF8*$!
{
	archiveVersion = 1;
	classes = {
	};
	objectVersion = 46;
	objects = {

/* Begin PBXBuildFile section */
		06FE64DDF9775C29123A0601 /* Pods_TableViewLayoutsA1.framework in Frameworks */ = {isa = PBXBuildFile; fileRef = ADC18EB70C52B9FFA4F8FB33 /* Pods_TableViewLayoutsA1.framework */; };
		845B22F51CC9D8CE001D79F2 /* Menu4TableViewCell.swift in Sources */ = {isa = PBXBuildFile; fileRef = 845B22F41CC9D8CE001D79F2 /* Menu4TableViewCell.swift */; };
		845B22F81CC9D91A001D79F2 /* Menu4CollectionViewCell.swift in Sources */ = {isa = PBXBuildFile; fileRef = 845B22F61CC9D91A001D79F2 /* Menu4CollectionViewCell.swift */; };
		845B22F91CC9D91A001D79F2 /* Menu4CollectionViewCell.xib in Resources */ = {isa = PBXBuildFile; fileRef = 845B22F71CC9D91A001D79F2 /* Menu4CollectionViewCell.xib */; };
		845B22FB1CC9E7BC001D79F2 /* Menu0TableViewCell.swift in Sources */ = {isa = PBXBuildFile; fileRef = 845B22FA1CC9E7BC001D79F2 /* Menu0TableViewCell.swift */; };
		845B22FE1CC9E875001D79F2 /* Menu0CollectionViewCell.swift in Sources */ = {isa = PBXBuildFile; fileRef = 845B22FC1CC9E875001D79F2 /* Menu0CollectionViewCell.swift */; };
		845B22FF1CC9E875001D79F2 /* Menu0CollectionViewCell.xib in Resources */ = {isa = PBXBuildFile; fileRef = 845B22FD1CC9E875001D79F2 /* Menu0CollectionViewCell.xib */; };
		845B23021CC9E9D2001D79F2 /* Menu3CollectionViewCell.swift in Sources */ = {isa = PBXBuildFile; fileRef = 845B23001CC9E9D2001D79F2 /* Menu3CollectionViewCell.swift */; };
		845B23031CC9E9D2001D79F2 /* Menu3CollectionViewCell.xib in Resources */ = {isa = PBXBuildFile; fileRef = 845B23011CC9E9D2001D79F2 /* Menu3CollectionViewCell.xib */; };
		8470EDAB1CC7335500C727A5 /* Podfile in Resources */ = {isa = PBXBuildFile; fileRef = 8470EDAA1CC7335500C727A5 /* Podfile */; };
		8470EDAE1CC7362700C727A5 /* Menu3TableViewCell.swift in Sources */ = {isa = PBXBuildFile; fileRef = 8470EDAC1CC7362700C727A5 /* Menu3TableViewCell.swift */; };
		8470EDAF1CC7362700C727A5 /* Menu3TableViewCell.xib in Resources */ = {isa = PBXBuildFile; fileRef = 8470EDAD1CC7362700C727A5 /* Menu3TableViewCell.xib */; };
		84C9C3D91CC6275D000BA8E6 /* AppDelegate.swift in Sources */ = {isa = PBXBuildFile; fileRef = 84C9C3D81CC6275D000BA8E6 /* AppDelegate.swift */; };
		84C9C3DB1CC6275D000BA8E6 /* ViewController.swift in Sources */ = {isa = PBXBuildFile; fileRef = 84C9C3DA1CC6275D000BA8E6 /* ViewController.swift */; };
		84C9C3DE1CC6275D000BA8E6 /* Main.storyboard in Resources */ = {isa = PBXBuildFile; fileRef = 84C9C3DC1CC6275D000BA8E6 /* Main.storyboard */; };
		84C9C3E01CC6275D000BA8E6 /* Assets.xcassets in Resources */ = {isa = PBXBuildFile; fileRef = 84C9C3DF1CC6275D000BA8E6 /* Assets.xcassets */; };
		84C9C3E31CC6275D000BA8E6 /* LaunchScreen.storyboard in Resources */ = {isa = PBXBuildFile; fileRef = 84C9C3E11CC6275D000BA8E6 /* LaunchScreen.storyboard */; };
		84C9C3EC1CC62E06000BA8E6 /* Menu1TableViewCell.swift in Sources */ = {isa = PBXBuildFile; fileRef = 84C9C3EA1CC62E06000BA8E6 /* Menu1TableViewCell.swift */; };
		84C9C3ED1CC62E06000BA8E6 /* Menu1TableViewCell.xib in Resources */ = {isa = PBXBuildFile; fileRef = 84C9C3EB1CC62E06000BA8E6 /* Menu1TableViewCell.xib */; };
		84C9C3EF1CC62FFA000BA8E6 /* Menu2TableViewCell.swift in Sources */ = {isa = PBXBuildFile; fileRef = 84C9C3EE1CC62FFA000BA8E6 /* Menu2TableViewCell.swift */; };
		84C9C3F41CC630A0000BA8E6 /* Menu2CollectionViewCell.swift in Sources */ = {isa = PBXBuildFile; fileRef = 84C9C3F21CC630A0000BA8E6 /* Menu2CollectionViewCell.swift */; };
		84C9C3F51CC630A0000BA8E6 /* Menu2CollectionViewCell.xib in Resources */ = {isa = PBXBuildFile; fileRef = 84C9C3F31CC630A0000BA8E6 /* Menu2CollectionViewCell.xib */; };
/* End PBXBuildFile section */

/* Begin PBXFileReference section */
		0F910EC69D8304B310D3F448 /* Pods-TableViewLayoutsA1.debug.xcconfig */ = {isa = PBXFileReference; includeInIndex = 1; lastKnownFileType = text.xcconfig; name = "Pods-TableViewLayoutsA1.debug.xcconfig"; path = "Pods/Target Support Files/Pods-TableViewLayoutsA1/Pods-TableViewLayoutsA1.debug.xcconfig"; sourceTree = "<group>"; };
		845B22F41CC9D8CE001D79F2 /* Menu4TableViewCell.swift */ = {isa = PBXFileReference; fileEncoding = 4; lastKnownFileType = sourcecode.swift; path = Menu4TableViewCell.swift; sourceTree = "<group>"; };
		845B22F61CC9D91A001D79F2 /* Menu4CollectionViewCell.swift */ = {isa = PBXFileReference; fileEncoding = 4; lastKnownFileType = sourcecode.swift; path = Menu4CollectionViewCell.swift; sourceTree = "<group>"; };
		845B22F71CC9D91A001D79F2 /* Menu4CollectionViewCell.xib */ = {isa = PBXFileReference; fileEncoding = 4; lastKnownFileType = file.xib; path = Menu4CollectionViewCell.xib; sourceTree = "<group>"; };
		845B22FA1CC9E7BC001D79F2 /* Menu0TableViewCell.swift */ = {isa = PBXFileReference; fileEncoding = 4; lastKnownFileType = sourcecode.swift; path = Menu0TableViewCell.swift; sourceTree = "<group>"; };
		845B22FC1CC9E875001D79F2 /* Menu0CollectionViewCell.swift */ = {isa = PBXFileReference; fileEncoding = 4; lastKnownFileType = sourcecode.swift; path = Menu0CollectionViewCell.swift; sourceTree = "<group>"; };
		845B22FD1CC9E875001D79F2 /* Menu0CollectionViewCell.xib */ = {isa = PBXFileReference; fileEncoding = 4; lastKnownFileType = file.xib; path = Menu0CollectionViewCell.xib; sourceTree = "<group>"; };
		845B23001CC9E9D2001D79F2 /* Menu3CollectionViewCell.swift */ = {isa = PBXFileReference; fileEncoding = 4; lastKnownFileType = sourcecode.swift; path = Menu3CollectionViewCell.swift; sourceTree = "<group>"; };
		845B23011CC9E9D2001D79F2 /* Menu3CollectionViewCell.xib */ = {isa = PBXFileReference; fileEncoding = 4; lastKnownFileType = file.xib; path = Menu3CollectionViewCell.xib; sourceTree = "<group>"; };
		8470EDAA1CC7335500C727A5 /* Podfile */ = {isa = PBXFileReference; fileEncoding = 4; lastKnownFileType = text; path = Podfile; sourceTree = "<group>"; xcLanguageSpecificationIdentifier = xcode.lang.ruby; };
		8470EDAC1CC7362700C727A5 /* Menu3TableViewCell.swift */ = {isa = PBXFileReference; fileEncoding = 4; lastKnownFileType = sourcecode.swift; path = Menu3TableViewCell.swift; sourceTree = "<group>"; };
		8470EDAD1CC7362700C727A5 /* Menu3TableViewCell.xib */ = {isa = PBXFileReference; fileEncoding = 4; lastKnownFileType = file.xib; path = Menu3TableViewCell.xib; sourceTree = "<group>"; };
		84C9C3D51CC6275D000BA8E6 /* TableViewLayoutsA1.app */ = {isa = PBXFileReference; explicitFileType = wrapper.application; includeInIndex = 0; path = TableViewLayoutsA1.app; sourceTree = BUILT_PRODUCTS_DIR; };
		84C9C3D81CC6275D000BA8E6 /* AppDelegate.swift */ = {isa = PBXFileReference; lastKnownFileType = sourcecode.swift; path = AppDelegate.swift; sourceTree = "<group>"; };
		84C9C3DA1CC6275D000BA8E6 /* ViewController.swift */ = {isa = PBXFileReference; lastKnownFileType = sourcecode.swift; path = ViewController.swift; sourceTree = "<group>"; };
		84C9C3DD1CC6275D000BA8E6 /* Base */ = {isa = PBXFileReference; lastKnownFileType = file.storyboard; name = Base; path = Base.lproj/Main.storyboard; sourceTree = "<group>"; };
		84C9C3DF1CC6275D000BA8E6 /* Assets.xcassets */ = {isa = PBXFileReference; lastKnownFileType = folder.assetcatalog; path = Assets.xcassets; sourceTree = "<group>"; };
		84C9C3E21CC6275D000BA8E6 /* Base */ = {isa = PBXFileReference; lastKnownFileType = file.storyboard; name = Base; path = Base.lproj/LaunchScreen.storyboard; sourceTree = "<group>"; };
		84C9C3E41CC6275D000BA8E6 /* Info.plist */ = {isa = PBXFileReference; lastKnownFileType = text.plist.xml; path = Info.plist; sourceTree = "<group>"; };
		84C9C3EA1CC62E06000BA8E6 /* Menu1TableViewCell.swift */ = {isa = PBXFileReference; fileEncoding = 4; lastKnownFileType = sourcecode.swift; path = Menu1TableViewCell.swift; sourceTree = "<group>"; };
		84C9C3EB1CC62E06000BA8E6 /* Menu1TableViewCell.xib */ = {isa = PBXFileReference; fileEncoding = 4; lastKnownFileType = file.xib; path = Menu1TableViewCell.xib; sourceTree = "<group>"; };
		84C9C3EE1CC62FFA000BA8E6 /* Menu2TableViewCell.swift */ = {isa = PBXFileReference; fileEncoding = 4; lastKnownFileType = sourcecode.swift; path = Menu2TableViewCell.swift; sourceTree = "<group>"; };
		84C9C3F21CC630A0000BA8E6 /* Menu2CollectionViewCell.swift */ = {isa = PBXFileReference; fileEncoding = 4; lastKnownFileType = sourcecode.swift; path = Menu2CollectionViewCell.swift; sourceTree = "<group>"; };
		84C9C3F31CC630A0000BA8E6 /* Menu2CollectionViewCell.xib */ = {isa = PBXFileReference; fileEncoding = 4; lastKnownFileType = file.xib; path = Menu2CollectionViewCell.xib; sourceTree = "<group>"; };
		87E5D2DA0A231EFE03F8C640 /* Pods-TableViewLayoutsA1.release.xcconfig */ = {isa = PBXFileReference; includeInIndex = 1; lastKnownFileType = text.xcconfig; name = "Pods-TableViewLayoutsA1.release.xcconfig"; path = "Pods/Target Support Files/Pods-TableViewLayoutsA1/Pods-TableViewLayoutsA1.release.xcconfig"; sourceTree = "<group>"; };
		ADC18EB70C52B9FFA4F8FB33 /* Pods_TableViewLayoutsA1.framework */ = {isa = PBXFileReference; explicitFileType = wrapper.framework; includeInIndex = 0; path = Pods_TableViewLayoutsA1.framework; sourceTree = BUILT_PRODUCTS_DIR; };
/* End PBXFileReference section */

/* Begin PBXFrameworksBuildPhase section */
		84C9C3D21CC6275D000BA8E6 /* Frameworks */ = {
			isa = PBXFrameworksBuildPhase;
			buildActionMask = 2147483647;
			files = (
				06FE64DDF9775C29123A0601 /* Pods_TableViewLayoutsA1.framework in Frameworks */,
			);
			runOnlyForDeploymentPostprocessing = 0;
		};
/* End PBXFrameworksBuildPhase section */

/* Begin PBXGroup section */
		84C9C3CC1CC6275D000BA8E6 = {
			isa = PBXGroup;
			children = (
				8470EDAA1CC7335500C727A5 /* Podfile */,
				84C9C3D71CC6275D000BA8E6 /* TableViewLayoutsA1 */,
				84C9C3D61CC6275D000BA8E6 /* Products */,
				85E92C2F2C5C2B11204D76B9 /* Pods */,
				FE612156122488448D7DC410 /* Frameworks */,
			);
			sourceTree = "<group>";
		};
		84C9C3D61CC6275D000BA8E6 /* Products */ = {
			isa = PBXGroup;
			children = (
				84C9C3D51CC6275D000BA8E6 /* TableViewLayoutsA1.app */,
			);
			name = Products;
			sourceTree = "<group>";
		};
		84C9C3D71CC6275D000BA8E6 /* TableViewLayoutsA1 */ = {
			isa = PBXGroup;
			children = (
				84C9C3D81CC6275D000BA8E6 /* AppDelegate.swift */,
				84C9C3DA1CC6275D000BA8E6 /* ViewController.swift */,
				84C9C3DC1CC6275D000BA8E6 /* Main.storyboard */,
				84C9C3DF1CC6275D000BA8E6 /* Assets.xcassets */,
				84C9C3E11CC6275D000BA8E6 /* LaunchScreen.storyboard */,
				84C9C3E41CC6275D000BA8E6 /* Info.plist */,
				845B22FA1CC9E7BC001D79F2 /* Menu0TableViewCell.swift */,
				845B22FC1CC9E875001D79F2 /* Menu0CollectionViewCell.swift */,
				845B22FD1CC9E875001D79F2 /* Menu0CollectionViewCell.xib */,
				84C9C3EA1CC62E06000BA8E6 /* Menu1TableViewCell.swift */,
				84C9C3EB1CC62E06000BA8E6 /* Menu1TableViewCell.xib */,
				84C9C3EE1CC62FFA000BA8E6 /* Menu2TableViewCell.swift */,
				84C9C3F21CC630A0000BA8E6 /* Menu2CollectionViewCell.swift */,
				84C9C3F31CC630A0000BA8E6 /* Menu2CollectionViewCell.xib */,
				8470EDAC1CC7362700C727A5 /* Menu3TableViewCell.swift */,
				8470EDAD1CC7362700C727A5 /* Menu3TableViewCell.xib */,
				845B23001CC9E9D2001D79F2 /* Menu3CollectionViewCell.swift */,
				845B23011CC9E9D2001D79F2 /* Menu3CollectionViewCell.xib */,
				845B22F41CC9D8CE001D79F2 /* Menu4TableViewCell.swift */,
				845B22F61CC9D91A001D79F2 /* Menu4CollectionViewCell.swift */,
				845B22F71CC9D91A001D79F2 /* Menu4CollectionViewCell.xib */,
			);
			path = TableViewLayoutsA1;
			sourceTree = "<group>";
		};
		85E92C2F2C5C2B11204D76B9 /* Pods */ = {
			isa = PBXGroup;
			children = (
				0F910EC69D8304B310D3F448 /* Pods-TableViewLayoutsA1.debug.xcconfig */,
				87E5D2DA0A231EFE03F8C640 /* Pods-TableViewLayoutsA1.release.xcconfig */,
			);
			name = Pods;
			sourceTree = "<group>";
		};
		FE612156122488448D7DC410 /* Frameworks */ = {
			isa = PBXGroup;
			children = (
				ADC18EB70C52B9FFA4F8FB33 /* Pods_TableViewLayoutsA1.framework */,
			);
			name = Frameworks;
			sourceTree = "<group>";
		};
/* End PBXGroup section */

/* Begin PBXNativeTarget section */
		84C9C3D41CC6275D000BA8E6 /* TableViewLayoutsA1 */ = {
			isa = PBXNativeTarget;
			buildConfigurationList = 84C9C3E71CC6275D000BA8E6 /* Build configuration list for PBXNativeTarget "TableViewLayoutsA1" */;
			buildPhases = (
				F6DC229134F5CB5CC77D7631 /* Check Pods Manifest.lock */,
				84C9C3D11CC6275D000BA8E6 /* Sources */,
				84C9C3D21CC6275D000BA8E6 /* Frameworks */,
				84C9C3D31CC6275D000BA8E6 /* Resources */,
				489E7576294449F02A0163D8 /* Embed Pods Frameworks */,
				B64FE5085840996B4806DD0F /* Copy Pods Resources */,
			);
			buildRules = (
			);
			dependencies = (
			);
			name = TableViewLayoutsA1;
			productName = TableViewLayoutsA1;
			productReference = 84C9C3D51CC6275D000BA8E6 /* TableViewLayoutsA1.app */;
			productType = "com.apple.product-type.application";
		};
/* End PBXNativeTarget section */

/* Begin PBXProject section */
		84C9C3CD1CC6275D000BA8E6 /* Project object */ = {
			isa = PBXProject;
			attributes = {
				LastSwiftUpdateCheck = 0730;
				LastUpgradeCheck = 0730;
				ORGANIZATIONNAME = All2Sale;
				TargetAttributes = {
					84C9C3D41CC6275D000BA8E6 = {
						CreatedOnToolsVersion = 7.3;
						DevelopmentTeam = Z32K7UXVG2;
					};
				};
			};
			buildConfigurationList = 84C9C3D01CC6275D000BA8E6 /* Build configuration list for PBXProject "TableViewLayoutsA1" */;
			compatibilityVersion = "Xcode 3.2";
			developmentRegion = English;
			hasScannedForEncodings = 0;
			knownRegions = (
				en,
				Base,
			);
			mainGroup = 84C9C3CC1CC6275D000BA8E6;
			productRefGroup = 84C9C3D61CC6275D000BA8E6 /* Products */;
			projectDirPath = "";
			projectRoot = "";
			targets = (
				84C9C3D41CC6275D000BA8E6 /* TableViewLayoutsA1 */,
			);
		};
/* End PBXProject section */

/* Begin PBXResourcesBuildPhase section */
		84C9C3D31CC6275D000BA8E6 /* Resources */ = {
			isa = PBXResourcesBuildPhase;
			buildActionMask = 2147483647;
			files = (
				8470EDAF1CC7362700C727A5 /* Menu3TableViewCell.xib in Resources */,
				8470EDAB1CC7335500C727A5 /* Podfile in Resources */,
				84C9C3ED1CC62E06000BA8E6 /* Menu1TableViewCell.xib in Resources */,
				845B23031CC9E9D2001D79F2 /* Menu3CollectionViewCell.xib in Resources */,
				84C9C3E31CC6275D000BA8E6 /* LaunchScreen.storyboard in Resources */,
				845B22F91CC9D91A001D79F2 /* Menu4CollectionViewCell.xib in Resources */,
				84C9C3E01CC6275D000BA8E6 /* Assets.xcassets in Resources */,
				84C9C3F51CC630A0000BA8E6 /* Menu2CollectionViewCell.xib in Resources */,
				845B22FF1CC9E875001D79F2 /* Menu0CollectionViewCell.xib in Resources */,
				84C9C3DE1CC6275D000BA8E6 /* Main.storyboard in Resources */,
			);
			runOnlyForDeploymentPostprocessing = 0;
		};
/* End PBXResourcesBuildPhase section */

/* Begin PBXShellScriptBuildPhase section */
		489E7576294449F02A0163D8 /* Embed Pods Frameworks */ = {
			isa = PBXShellScriptBuildPhase;
			buildActionMask = 2147483647;
			files = (
			);
			inputPaths = (
			);
			name = "Embed Pods Frameworks";
			outputPaths = (
			);
			runOnlyForDeploymentPostprocessing = 0;
			shellPath = /bin/sh;
			shellScript = "\"${SRCROOT}/Pods/Target Support Files/Pods-TableViewLayoutsA1/Pods-TableViewLayoutsA1-frameworks.sh\"\n";
			showEnvVarsInLog = 0;
		};
		B64FE5085840996B4806DD0F /* Copy Pods Resources */ = {
			isa = PBXShellScriptBuildPhase;
			buildActionMask = 2147483647;
			files = (
			);
			inputPaths = (
			);
			name = "Copy Pods Resources";
			outputPaths = (
			);
			runOnlyForDeploymentPostprocessing = 0;
			shellPath = /bin/sh;
			shellScript = "\"${SRCROOT}/Pods/Target Support Files/Pods-TableViewLayoutsA1/Pods-TableViewLayoutsA1-resources.sh\"\n";
			showEnvVarsInLog = 0;
		};
		F6DC229134F5CB5CC77D7631 /* Check Pods Manifest.lock */ = {
			isa = PBXShellScriptBuildPhase;
			buildActionMask = 2147483647;
			files = (
			);
			inputPaths = (
			);
			name = "Check Pods Manifest.lock";
			outputPaths = (
			);
			runOnlyForDeploymentPostprocessing = 0;
			shellPath = /bin/sh;
			shellScript = "diff \"${PODS_ROOT}/../Podfile.lock\" \"${PODS_ROOT}/Manifest.lock\" > /dev/null\nif [[ $? != 0 ]] ; then\n    cat << EOM\nerror: The sandbox is not in sync with the Podfile.lock. Run 'pod install' or update your CocoaPods installation.\nEOM\n    exit 1\nfi\n";
			showEnvVarsInLog = 0;
		};
/* End PBXShellScriptBuildPhase section */

/* Begin PBXSourcesBuildPhase section */
		84C9C3D11CC6275D000BA8E6 /* Sources */ = {
			isa = PBXSourcesBuildPhase;
			buildActionMask = 2147483647;
			files = (
				845B22FE1CC9E875001D79F2 /* Menu0CollectionViewCell.swift in Sources */,
				845B22F81CC9D91A001D79F2 /* Menu4CollectionViewCell.swift in Sources */,
				84C9C3DB1CC6275D000BA8E6 /* ViewController.swift in Sources */,
				84C9C3EF1CC62FFA000BA8E6 /* Menu2TableViewCell.swift in Sources */,
				8470EDAE1CC7362700C727A5 /* Menu3TableViewCell.swift in Sources */,
				84C9C3EC1CC62E06000BA8E6 /* Menu1TableViewCell.swift in Sources */,
				845B22FB1CC9E7BC001D79F2 /* Menu0TableViewCell.swift in Sources */,
				84C9C3F41CC630A0000BA8E6 /* Menu2CollectionViewCell.swift in Sources */,
				845B22F51CC9D8CE001D79F2 /* Menu4TableViewCell.swift in Sources */,
				845B23021CC9E9D2001D79F2 /* Menu3CollectionViewCell.swift in Sources */,
				84C9C3D91CC6275D000BA8E6 /* AppDelegate.swift in Sources */,
			);
			runOnlyForDeploymentPostprocessing = 0;
		};
/* End PBXSourcesBuildPhase section */

/* Begin PBXVariantGroup section */
		84C9C3DC1CC6275D000BA8E6 /* Main.storyboard */ = {
			isa = PBXVariantGroup;
			children = (
				84C9C3DD1CC6275D000BA8E6 /* Base */,
			);
			name = Main.storyboard;
			sourceTree = "<group>";
		};
		84C9C3E11CC6275D000BA8E6 /* LaunchScreen.storyboard */ = {
			isa = PBXVariantGroup;
			children = (
				84C9C3E21CC6275D000BA8E6 /* Base */,
			);
			name = LaunchScreen.storyboard;
			sourceTree = "<group>";
		};
/* End PBXVariantGroup section */

/* Begin XCBuildConfiguration section */
		84C9C3E51CC6275D000BA8E6 /* Debug */ = {
			isa = XCBuildConfiguration;
			buildSettings = {
				ALWAYS_SEARCH_USER_PATHS = NO;
				CLANG_ANALYZER_NONNULL = YES;
				CLANG_CXX_LANGUAGE_STANDARD = "gnu++0x";
				CLANG_CXX_LIBRARY = "libc++";
				CLANG_ENABLE_MODULES = YES;
				CLANG_ENABLE_OBJC_ARC = YES;
				CLANG_WARN_BOOL_CONVERSION = YES;
				CLANG_WARN_CONSTANT_CONVERSION = YES;
				CLANG_WARN_DIRECT_OBJC_ISA_USAGE = YES_ERROR;
				CLANG_WARN_EMPTY_BODY = YES;
				CLANG_WARN_ENUM_CONVERSION = YES;
				CLANG_WARN_INT_CONVERSION = YES;
				CLANG_WARN_OBJC_ROOT_CLASS = YES_ERROR;
				CLANG_WARN_UNREACHABLE_CODE = YES;
				CLANG_WARN__DUPLICATE_METHOD_MATCH = YES;
				"CODE_SIGN_IDENTITY[sdk=iphoneos*]" = "iPhone Developer";
				COPY_PHASE_STRIP = NO;
				DEBUG_INFORMATION_FORMAT = dwarf;
				ENABLE_STRICT_OBJC_MSGSEND = YES;
				ENABLE_TESTABILITY = YES;
				GCC_C_LANGUAGE_STANDARD = gnu99;
				GCC_DYNAMIC_NO_PIC = NO;
				GCC_NO_COMMON_BLOCKS = YES;
				GCC_OPTIMIZATION_LEVEL = 0;
				GCC_PREPROCESSOR_DEFINITIONS = (
					"DEBUG=1",
					"$(inherited)",
				);
				GCC_WARN_64_TO_32_BIT_CONVERSION = YES;
				GCC_WARN_ABOUT_RETURN_TYPE = YES_ERROR;
				GCC_WARN_UNDECLARED_SELECTOR = YES;
				GCC_WARN_UNINITIALIZED_AUTOS = YES_AGGRESSIVE;
				GCC_WARN_UNUSED_FUNCTION = YES;
				GCC_WARN_UNUSED_VARIABLE = YES;
				IPHONEOS_DEPLOYMENT_TARGET = 9.3;
				MTL_ENABLE_DEBUG_INFO = YES;
				ONLY_ACTIVE_ARCH = YES;
				SDKROOT = iphoneos;
				SWIFT_OPTIMIZATION_LEVEL = "-Onone";
			};
			name = Debug;
		};
		84C9C3E61CC6275D000BA8E6 /* Release */ = {
			isa = XCBuildConfiguration;
			buildSettings = {
				ALWAYS_SEARCH_USER_PATHS = NO;
				CLANG_ANALYZER_NONNULL = YES;
				CLANG_CXX_LANGUAGE_STANDARD = "gnu++0x";
				CLANG_CXX_LIBRARY = "libc++";
				CLANG_ENABLE_MODULES = YES;
				CLANG_ENABLE_OBJC_ARC = YES;
				CLANG_WARN_BOOL_CONVERSION = YES;
				CLANG_WARN_CONSTANT_CONVERSION = YES;
				CLANG_WARN_DIRECT_OBJC_ISA_USAGE = YES_ERROR;
				CLANG_WARN_EMPTY_BODY = YES;
				CLANG_WARN_ENUM_CONVERSION = YES;
				CLANG_WARN_INT_CONVERSION = YES;
				CLANG_WARN_OBJC_ROOT_CLASS = YES_ERROR;
				CLANG_WARN_UNREACHABLE_CODE = YES;
				CLANG_WARN__DUPLICATE_METHOD_MATCH = YES;
				"CODE_SIGN_IDENTITY[sdk=iphoneos*]" = "iPhone Developer";
				COPY_PHASE_STRIP = NO;
				DEBUG_INFORMATION_FORMAT = "dwarf-with-dsym";
				ENABLE_NS_ASSERTIONS = NO;
				ENABLE_STRICT_OBJC_MSGSEND = YES;
				GCC_C_LANGUAGE_STANDARD = gnu99;
				GCC_NO_COMMON_BLOCKS = YES;
				GCC_WARN_64_TO_32_BIT_CONVERSION = YES;
				GCC_WARN_ABOUT_RETURN_TYPE = YES_ERROR;
				GCC_WARN_UNDECLARED_SELECTOR = YES;
				GCC_WARN_UNINITIALIZED_AUTOS = YES_AGGRESSIVE;
				GCC_WARN_UNUSED_FUNCTION = YES;
				GCC_WARN_UNUSED_VARIABLE = YES;
				IPHONEOS_DEPLOYMENT_TARGET = 9.3;
				MTL_ENABLE_DEBUG_INFO = NO;
				SDKROOT = iphoneos;
				VALIDATE_PRODUCT = YES;
			};
			name = Release;
		};
		84C9C3E81CC6275D000BA8E6 /* Debug */ = {
			isa = XCBuildConfiguration;
			baseConfigurationReference = 0F910EC69D8304B310D3F448 /* Pods-TableViewLayoutsA1.debug.xcconfig */;
			buildSettings = {
				ASSETCATALOG_COMPILER_APPICON_NAME = AppIcon;
				INFOPLIST_FILE = TableViewLayoutsA1/Info.plist;
				LD_RUNPATH_SEARCH_PATHS = "$(inherited) @executable_path/Frameworks";
				PRODUCT_BUNDLE_IDENTIFIER = com.all2sale.TableViewLayoutsA1;
				PRODUCT_NAME = "$(TARGET_NAME)";
			};
			name = Debug;
		};
		84C9C3E91CC6275D000BA8E6 /* Release */ = {
			isa = XCBuildConfiguration;
			baseConfigurationReference = 87E5D2DA0A231EFE03F8C640 /* Pods-TableViewLayoutsA1.release.xcconfig */;
			buildSettings = {
				ASSETCATALOG_COMPILER_APPICON_NAME = AppIcon;
				INFOPLIST_FILE = TableViewLayoutsA1/Info.plist;
				LD_RUNPATH_SEARCH_PATHS = "$(inherited) @executable_path/Frameworks";
				PRODUCT_BUNDLE_IDENTIFIER = com.all2sale.TableViewLayoutsA1;
				PRODUCT_NAME = "$(TARGET_NAME)";
			};
			name = Release;
		};
/* End XCBuildConfiguration section */

/* Begin XCConfigurationList section */
		84C9C3D01CC6275D000BA8E6 /* Build configuration list for PBXProject "TableViewLayoutsA1" */ = {
			isa = XCConfigurationList;
			buildConfigurations = (
				84C9C3E51CC6275D000BA8E6 /* Debug */,
				84C9C3E61CC6275D000BA8E6 /* Release */,
			);
			defaultConfigurationIsVisible = 0;
			defaultConfigurationName = Release;
		};
		84C9C3E71CC6275D000BA8E6 /* Build configuration list for PBXNativeTarget "TableViewLayoutsA1" */ = {
			isa = XCConfigurationList;
			buildConfigurations = (
				84C9C3E81CC6275D000BA8E6 /* Debug */,
				84C9C3E91CC6275D000BA8E6 /* Release */,
			);
			defaultConfigurationIsVisible = 0;
			defaultConfigurationName = Release;
		};
/* End XCConfigurationList section */
	};
	rootObject = 84C9C3CD1CC6275D000BA8E6 /* Project object */;
}
